
Microsoft Visual Studio Solution File, Format Version 12.00
# Visual Studio 14
VisualStudioVersion = 14.0.24720.0
MinimumVisualStudioVersion = 10.0.40219.1
Project("{FAE04EC0-301F-11D3-BF4B-00C04F79EFBC}") = "LAB_4_MANALASTAS_CONSTRUCTOR", "LAB_4_MANALASTAS_CONSTRUCTOR\LAB_4_MANALASTAS_CONSTRUCTOR.csproj", "{8A323F86-1432-4D3B-AE8E-C121C5154D1E}"
EndProject
Project("{FAE04EC0-301F-11D3-BF4B-00C04F79EFBC}") = "LAB_4_MANALASTAS_CONSTRUCTOR_OPERATION", "LAB_4_MANALASTAS_CONSTRUCTOR_OPERATION\LAB_4_MANALASTAS_CONSTRUCTOR_OPERATION.csproj", "{7ADFA0A4-08FE-4CF9-98B2-CA5F14BAD114}"
EndProject
Project("{FAE04EC0-301F-11D3-BF4B-00C04F79EFBC}") = "LAB_4_MANALASTAS_COPY", "LAB_4_MANALASTAS_COPY\LAB_4_MANALASTAS_COPY.csproj", "{A43C05D2-581A-435B-BA3D-61CA39949E5C}"
EndProject
Project("{FAE04EC0-301F-11D3-BF4B-00C04F79EFBC}") = "LAB_4_MANALASTAS_OVERLOADING", "LAB_4_MANALASTAS_OVERLOADING\LAB_4_MANALASTAS_OVERLOADING.csproj", "{73906B64-C381-433E-ABD1-08AAD1B9270D}"
EndProject
Project("{FAE04EC0-301F-11D3-BF4B-00C04F79EFBC}") = "LAB_4_MANALASTAS_PARAMETERIZED", "LAB_4_MANALASTAS_PARAMETERIZED\LAB_4_MANALASTAS_PARAMETERIZED.csproj", "{42A60BF8-4680-42FC-9443-861BA8EC5033}"
EndProject
Project("{FAE04EC0-301F-11D3-BF4B-00C04F79EFBC}") = "LAB_4_MANALASTAS_PRIVATE", "LAB_4_MANALASTAS_PRIVATE\LAB_4_MANALASTAS_PRIVATE.csproj", "{AA190FB4-4B9E-403E-90E5-9B5719A145AE}"
EndProject
Project("{FAE04EC0-301F-11D3-BF4B-00C04F79EFBC}") = "LAB_4_MANALASTAS_STATIC", "LAB_4_MANALASTAS_STATIC\LAB_4_MANALASTAS_STATIC.csproj", "{8394594F-6CAE-40D3-8804-1EE8318B1F07}"
EndProject
Global
	GlobalSection(SolutionConfigurationPlatforms) = preSolution
		Debug|Any CPU = Debug|Any CPU
		Release|Any CPU = Release|Any CPU
	EndGlobalSection
	GlobalSection(ProjectConfigurationPlatforms) = postSolution
		{8A323F86-1432-4D3B-AE8E-C121C5154D1E}.Debug|Any CPU.ActiveCfg = Debug|Any CPU
		{8A323F86-1432-4D3B-AE8E-C121C5154D1E}.Debug|Any CPU.Build.0 = Debug|Any CPU
		{8A323F86-1432-4D3B-AE8E-C121C5154D1E}.Release|Any CPU.ActiveCfg = Release|Any CPU
		{8A323F86-1432-4D3B-AE8E-C121C5154D1E}.Release|Any CPU.Build.0 = Release|Any CPU
		{7ADFA0A4-08FE-4CF9-98B2-CA5F14BAD114}.Debug|Any CPU.ActiveCfg = Debug|Any CPU
		{7ADFA0A4-08FE-4CF9-98B2-CA5F14BAD114}.Debug|Any CPU.Build.0 = Debug|Any CPU
		{7ADFA0A4-08FE-4CF9-98B2-CA5F14BAD114}.Release|Any CPU.ActiveCfg = Release|Any CPU
		{7ADFA0A4-08FE-4CF9-98B2-CA5F14BAD114}.Release|Any CPU.Build.0 = Release|Any CPU
		{A43C05D2-581A-435B-BA3D-61CA39949E5C}.Debug|Any CPU.ActiveCfg = Debug|Any CPU
		{A43C05D2-581A-435B-BA3D-61CA39949E5C}.Debug|Any CPU.Build.0 = Debug|Any CPU
		{A43C05D2-581A-435B-BA3D-61CA39949E5C}.Release|Any CPU.ActiveCfg = Release|Any CPU
		{A43C05D2-581A-435B-BA3D-61CA39949E5C}.Release|Any CPU.Build.0 = Release|Any CPU
		{73906B64-C381-433E-ABD1-08AAD1B9270D}.Debug|Any CPU.ActiveCfg = Debug|Any CPU
		{73906B64-C381-433E-ABD1-08AAD1B9270D}.Debug|Any CPU.Build.0 = Debug|Any CPU
		{73906B64-C381-433E-ABD1-08AAD1B9270D}.Release|Any CPU.ActiveCfg = Release|Any CPU
		{73906B64-C381-433E-ABD1-08AAD1B9270D}.Release|Any CPU.Build.0 = Release|Any CPU
		{42A60BF8-4680-42FC-9443-861BA8EC5033}.Debug|Any CPU.ActiveCfg = Debug|Any CPU
		{42A60BF8-4680-42FC-9443-861BA8EC5033}.Debug|Any CPU.Build.0 = Debug|Any CPU
		{42A60BF8-4680-42FC-9443-861BA8EC5033}.Release|Any CPU.ActiveCfg = Release|Any CPU
		{42A60BF8-4680-42FC-9443-861BA8EC5033}.Release|Any CPU.Build.0 = Release|Any CPU
		{AA190FB4-4B9E-403E-90E5-9B5719A145AE}.Debug|Any CPU.ActiveCfg = Debug|Any CPU
		{AA190FB4-4B9E-403E-90E5-9B5719A145AE}.Debug|Any CPU.Build.0 = Debug|Any CPU
		{AA190FB4-4B9E-403E-90E5-9B5719A145AE}.Release|Any CPU.ActiveCfg = Release|Any CPU
		{AA190FB4-4B9E-403E-90E5-9B5719A145AE}.Release|Any CPU.Build.0 = Release|Any CPU
		{8394594F-6CAE-40D3-8804-1EE8318B1F07}.Debug|Any CPU.ActiveCfg = Debug|Any CPU
		{8394594F-6CAE-40D3-8804-1EE8318B1F07}.Debug|Any CPU.Build.0 = Debug|Any CPU
		{8394594F-6CAE-40D3-8804-1EE8318B1F07}.Release|Any CPU.ActiveCfg = Release|Any CPU
		{8394594F-6CAE-40D3-8804-1EE8318B1F07}.Release|Any CPU.Build.0 = Release|Any CPU
	EndGlobalSection
	GlobalSection(SolutionProperties) = preSolution
		HideSolutionNode = FALSE
	EndGlobalSection
EndGlobal
